
Microsoft Visual Studio Solution File, Format Version 12.00
# Visual Studio Version 17
VisualStudioVersion = 17.6.33815.320
MinimumVisualStudioVersion = 10.0.40219.1
Project("{2150E333-8FDC-42A3-9474-1A3956D46DE8}") = "src", "src", "{B2B990AB-96BB-4585-BB39-63CA7250026A}"
EndProject
Project("{FAE04EC0-301F-11D3-BF4B-00C04F79EFBC}") = "EFCore", "EFCore\EFCore.csproj", "{4E979A62-677F-41E4-A43D-7FED1F2DC51D}"
EndProject
Global
	GlobalSection(SolutionConfigurationPlatforms) = preSolution
		Debug|Any CPU = Debug|Any CPU
		Release|Any CPU = Release|Any CPU
	EndGlobalSection
	GlobalSection(ProjectConfigurationPlatforms) = postSolution
		{4E979A62-677F-41E4-A43D-7FED1F2DC51D}.Debug|Any CPU.ActiveCfg = Debug|Any CPU
		{4E979A62-677F-41E4-A43D-7FED1F2DC51D}.Debug|Any CPU.Build.0 = Debug|Any CPU
		{4E979A62-677F-41E4-A43D-7FED1F2DC51D}.Release|Any CPU.ActiveCfg = Release|Any CPU
		{4E979A62-677F-41E4-A43D-7FED1F2DC51D}.Release|Any CPU.Build.0 = Release|Any CPU
	EndGlobalSection
	GlobalSection(SolutionProperties) = preSolution
		HideSolutionNode = FALSE
	EndGlobalSection
	GlobalSection(NestedProjects) = preSolution
		{4E979A62-677F-41E4-A43D-7FED1F2DC51D} = {B2B990AB-96BB-4585-BB39-63CA7250026A}
	EndGlobalSection
	GlobalSection(ExtensibilityGlobals) = postSolution
		SolutionGuid = {2D9A044E-90A7-43FA-A90B-AA551989293C}
	EndGlobalSection
EndGlobal
